// !$*UTF8*$!
{
	archiveVersion = 1;
	classes = {
	};
	objectVersion = 51;
	objects = {

/* Begin PBXBuildFile section */
		631CC9527E24D19220DD0072 /* Pods_Clock.framework in Frameworks */ = {isa = PBXBuildFile; fileRef = E821F4760845600F6C8FD05B /* Pods_Clock.framework */; };
		8116C3D82560B4F9003D6706 /* AppDelegate.swift in Sources */ = {isa = PBXBuildFile; fileRef = 8116C3D72560B4F9003D6706 /* AppDelegate.swift */; };
		8116C3DA2560B4F9003D6706 /* SceneDelegate.swift in Sources */ = {isa = PBXBuildFile; fileRef = 8116C3D92560B4F9003D6706 /* SceneDelegate.swift */; };
		8116C3DC2560B4F9003D6706 /* CityTimeViewController.swift in Sources */ = {isa = PBXBuildFile; fileRef = 8116C3DB2560B4F9003D6706 /* CityTimeViewController.swift */; };
		8116C3DF2560B4F9003D6706 /* Main.storyboard in Resources */ = {isa = PBXBuildFile; fileRef = 8116C3DD2560B4F9003D6706 /* Main.storyboard */; };
		8116C3E12560B4FA003D6706 /* Assets.xcassets in Resources */ = {isa = PBXBuildFile; fileRef = 8116C3E02560B4FA003D6706 /* Assets.xcassets */; };
		8116C3E42560B4FA003D6706 /* LaunchScreen.storyboard in Resources */ = {isa = PBXBuildFile; fileRef = 8116C3E22560B4FA003D6706 /* LaunchScreen.storyboard */; };
		8116C3EF2560B4FA003D6706 /* ClockTests.swift in Sources */ = {isa = PBXBuildFile; fileRef = 8116C3EE2560B4FA003D6706 /* ClockTests.swift */; };
		8116C3FA2560B4FA003D6706 /* ClockUITests.swift in Sources */ = {isa = PBXBuildFile; fileRef = 8116C3F92560B4FA003D6706 /* ClockUITests.swift */; };
		8116C4142560C089003D6706 /* CityTimeTableViewCell.swift in Sources */ = {isa = PBXBuildFile; fileRef = 8116C4132560C089003D6706 /* CityTimeTableViewCell.swift */; };
		8116C44725623DF4003D6706 /* CityTimeViewModel.swift in Sources */ = {isa = PBXBuildFile; fileRef = 8116C44625623DF4003D6706 /* CityTimeViewModel.swift */; };
		811778FC256B532000352CBF /* DataStore.swift in Sources */ = {isa = PBXBuildFile; fileRef = 811778FB256B532000352CBF /* DataStore.swift */; };
		816F018125662BD600079D6B /* ChooseCityViewController.swift in Sources */ = {isa = PBXBuildFile; fileRef = 816F018025662BD600079D6B /* ChooseCityViewController.swift */; };
		816F018625662CDB00079D6B /* ChooseCityViewModel.swift in Sources */ = {isa = PBXBuildFile; fileRef = 816F018525662CDB00079D6B /* ChooseCityViewModel.swift */; };
		816F018B25662D1100079D6B /* ChooseCityTableViewCell.swift in Sources */ = {isa = PBXBuildFile; fileRef = 816F018A25662D1100079D6B /* ChooseCityTableViewCell.swift */; };
		817FB05C2571AFF3008F12E9 /* TimerViewController.swift in Sources */ = {isa = PBXBuildFile; fileRef = 817FB05B2571AFF3008F12E9 /* TimerViewController.swift */; };
		817FB0642571B000008F12E9 /* TimerViewModel.swift in Sources */ = {isa = PBXBuildFile; fileRef = 817FB0632571B000008F12E9 /* TimerViewModel.swift */; };
		817FB0692571D2A9008F12E9 /* TimerModel.swift in Sources */ = {isa = PBXBuildFile; fileRef = 817FB0682571D2A9008F12E9 /* TimerModel.swift */; };
		81ED1191257070A00029D024 /* CityTimeModel.swift in Sources */ = {isa = PBXBuildFile; fileRef = 81ED1190257070A00029D024 /* CityTimeModel.swift */; };
/* End PBXBuildFile section */

/* Begin PBXContainerItemProxy section */
		8116C3EB2560B4FA003D6706 /* PBXContainerItemProxy */ = {
			isa = PBXContainerItemProxy;
			containerPortal = 8116C3CC2560B4F9003D6706 /* Project object */;
			proxyType = 1;
			remoteGlobalIDString = 8116C3D32560B4F9003D6706;
			remoteInfo = Clock;
		};
		8116C3F62560B4FA003D6706 /* PBXContainerItemProxy */ = {
			isa = PBXContainerItemProxy;
			containerPortal = 8116C3CC2560B4F9003D6706 /* Project object */;
			proxyType = 1;
			remoteGlobalIDString = 8116C3D32560B4F9003D6706;
			remoteInfo = Clock;
		};
/* End PBXContainerItemProxy section */

/* Begin PBXFileReference section */
		8116C3D42560B4F9003D6706 /* Clock.app */ = {isa = PBXFileReference; explicitFileType = wrapper.application; includeInIndex = 0; path = Clock.app; sourceTree = BUILT_PRODUCTS_DIR; };
		8116C3D72560B4F9003D6706 /* AppDelegate.swift */ = {isa = PBXFileReference; lastKnownFileType = sourcecode.swift; path = AppDelegate.swift; sourceTree = "<group>"; };
		8116C3D92560B4F9003D6706 /* SceneDelegate.swift */ = {isa = PBXFileReference; lastKnownFileType = sourcecode.swift; path = SceneDelegate.swift; sourceTree = "<group>"; };
		8116C3DB2560B4F9003D6706 /* CityTimeViewController.swift */ = {isa = PBXFileReference; lastKnownFileType = sourcecode.swift; path = CityTimeViewController.swift; sourceTree = "<group>"; };
		8116C3DE2560B4F9003D6706 /* Base */ = {isa = PBXFileReference; lastKnownFileType = file.storyboard; name = Base; path = Base.lproj/Main.storyboard; sourceTree = "<group>"; };
		8116C3E02560B4FA003D6706 /* Assets.xcassets */ = {isa = PBXFileReference; lastKnownFileType = folder.assetcatalog; path = Assets.xcassets; sourceTree = "<group>"; };
		8116C3E32560B4FA003D6706 /* Base */ = {isa = PBXFileReference; lastKnownFileType = file.storyboard; name = Base; path = Base.lproj/LaunchScreen.storyboard; sourceTree = "<group>"; };
		8116C3E52560B4FA003D6706 /* Info.plist */ = {isa = PBXFileReference; lastKnownFileType = text.plist.xml; path = Info.plist; sourceTree = "<group>"; };
		8116C3EA2560B4FA003D6706 /* ClockTests.xctest */ = {isa = PBXFileReference; explicitFileType = wrapper.cfbundle; includeInIndex = 0; path = ClockTests.xctest; sourceTree = BUILT_PRODUCTS_DIR; };
		8116C3EE2560B4FA003D6706 /* ClockTests.swift */ = {isa = PBXFileReference; lastKnownFileType = sourcecode.swift; path = ClockTests.swift; sourceTree = "<group>"; };
		8116C3F02560B4FA003D6706 /* Info.plist */ = {isa = PBXFileReference; lastKnownFileType = text.plist.xml; path = Info.plist; sourceTree = "<group>"; };
		8116C3F52560B4FA003D6706 /* ClockUITests.xctest */ = {isa = PBXFileReference; explicitFileType = wrapper.cfbundle; includeInIndex = 0; path = ClockUITests.xctest; sourceTree = BUILT_PRODUCTS_DIR; };
		8116C3F92560B4FA003D6706 /* ClockUITests.swift */ = {isa = PBXFileReference; lastKnownFileType = sourcecode.swift; path = ClockUITests.swift; sourceTree = "<group>"; };
		8116C3FB2560B4FA003D6706 /* Info.plist */ = {isa = PBXFileReference; lastKnownFileType = text.plist.xml; path = Info.plist; sourceTree = "<group>"; };
		8116C4132560C089003D6706 /* CityTimeTableViewCell.swift */ = {isa = PBXFileReference; lastKnownFileType = sourcecode.swift; path = CityTimeTableViewCell.swift; sourceTree = "<group>"; };
		8116C44625623DF4003D6706 /* CityTimeViewModel.swift */ = {isa = PBXFileReference; lastKnownFileType = sourcecode.swift; path = CityTimeViewModel.swift; sourceTree = "<group>"; };
		811778FB256B532000352CBF /* DataStore.swift */ = {isa = PBXFileReference; lastKnownFileType = sourcecode.swift; path = DataStore.swift; sourceTree = "<group>"; };
		816F018025662BD600079D6B /* ChooseCityViewController.swift */ = {isa = PBXFileReference; lastKnownFileType = sourcecode.swift; path = ChooseCityViewController.swift; sourceTree = "<group>"; };
		816F018525662CDB00079D6B /* ChooseCityViewModel.swift */ = {isa = PBXFileReference; lastKnownFileType = sourcecode.swift; path = ChooseCityViewModel.swift; sourceTree = "<group>"; };
		816F018A25662D1100079D6B /* ChooseCityTableViewCell.swift */ = {isa = PBXFileReference; lastKnownFileType = sourcecode.swift; path = ChooseCityTableViewCell.swift; sourceTree = "<group>"; };
		817FB05B2571AFF3008F12E9 /* TimerViewController.swift */ = {isa = PBXFileReference; lastKnownFileType = sourcecode.swift; path = TimerViewController.swift; sourceTree = "<group>"; };
		817FB0632571B000008F12E9 /* TimerViewModel.swift */ = {isa = PBXFileReference; lastKnownFileType = sourcecode.swift; path = TimerViewModel.swift; sourceTree = "<group>"; };
		817FB0682571D2A9008F12E9 /* TimerModel.swift */ = {isa = PBXFileReference; lastKnownFileType = sourcecode.swift; path = TimerModel.swift; sourceTree = "<group>"; };
		81ED1190257070A00029D024 /* CityTimeModel.swift */ = {isa = PBXFileReference; lastKnownFileType = sourcecode.swift; path = CityTimeModel.swift; sourceTree = "<group>"; };
		E821F4760845600F6C8FD05B /* Pods_Clock.framework */ = {isa = PBXFileReference; explicitFileType = wrapper.framework; includeInIndex = 0; path = Pods_Clock.framework; sourceTree = BUILT_PRODUCTS_DIR; };
		FCCBBC7FFD60111C3C265177 /* Pods-Clock.debug.xcconfig */ = {isa = PBXFileReference; includeInIndex = 1; lastKnownFileType = text.xcconfig; name = "Pods-Clock.debug.xcconfig"; path = "Target Support Files/Pods-Clock/Pods-Clock.debug.xcconfig"; sourceTree = "<group>"; };
		FE63C5C4D12A19A432A4C310 /* Pods-Clock.release.xcconfig */ = {isa = PBXFileReference; includeInIndex = 1; lastKnownFileType = text.xcconfig; name = "Pods-Clock.release.xcconfig"; path = "Target Support Files/Pods-Clock/Pods-Clock.release.xcconfig"; sourceTree = "<group>"; };
/* End PBXFileReference section */

/* Begin PBXFrameworksBuildPhase section */
		8116C3D12560B4F9003D6706 /* Frameworks */ = {
			isa = PBXFrameworksBuildPhase;
			buildActionMask = 2147483647;
			files = (
				631CC9527E24D19220DD0072 /* Pods_Clock.framework in Frameworks */,
			);
			runOnlyForDeploymentPostprocessing = 0;
		};
		8116C3E72560B4FA003D6706 /* Frameworks */ = {
			isa = PBXFrameworksBuildPhase;
			buildActionMask = 2147483647;
			files = (
			);
			runOnlyForDeploymentPostprocessing = 0;
		};
		8116C3F22560B4FA003D6706 /* Frameworks */ = {
			isa = PBXFrameworksBuildPhase;
			buildActionMask = 2147483647;
			files = (
			);
			runOnlyForDeploymentPostprocessing = 0;
		};
/* End PBXFrameworksBuildPhase section */

/* Begin PBXGroup section */
		80E886A5FDF0DDBEFEA6A9F1 /* Pods */ = {
			isa = PBXGroup;
			children = (
				FCCBBC7FFD60111C3C265177 /* Pods-Clock.debug.xcconfig */,
				FE63C5C4D12A19A432A4C310 /* Pods-Clock.release.xcconfig */,
			);
			path = Pods;
			sourceTree = "<group>";
		};
		8116C3CB2560B4F9003D6706 = {
			isa = PBXGroup;
			children = (
				8116C3D62560B4F9003D6706 /* Clock */,
				8116C3ED2560B4FA003D6706 /* ClockTests */,
				8116C3F82560B4FA003D6706 /* ClockUITests */,
				8116C3D52560B4F9003D6706 /* Products */,
				80E886A5FDF0DDBEFEA6A9F1 /* Pods */,
				9758FD37390E48D67B315C18 /* Frameworks */,
			);
			sourceTree = "<group>";
		};
		8116C3D52560B4F9003D6706 /* Products */ = {
			isa = PBXGroup;
			children = (
				8116C3D42560B4F9003D6706 /* Clock.app */,
				8116C3EA2560B4FA003D6706 /* ClockTests.xctest */,
				8116C3F52560B4FA003D6706 /* ClockUITests.xctest */,
			);
			name = Products;
			sourceTree = "<group>";
		};
		8116C3D62560B4F9003D6706 /* Clock */ = {
			isa = PBXGroup;
			children = (
				817FB05A2571AFC7008F12E9 /* Timer */,
				8138FD4425706C4D004F9279 /* WorldClock */,
				811778FA256B530A00352CBF /* DataStore */,
				8116C3D72560B4F9003D6706 /* AppDelegate.swift */,
				8116C3D92560B4F9003D6706 /* SceneDelegate.swift */,
				8116C3DD2560B4F9003D6706 /* Main.storyboard */,
				8116C3E02560B4FA003D6706 /* Assets.xcassets */,
				8116C3E22560B4FA003D6706 /* LaunchScreen.storyboard */,
				8116C3E52560B4FA003D6706 /* Info.plist */,
			);
			path = Clock;
			sourceTree = "<group>";
		};
		8116C3ED2560B4FA003D6706 /* ClockTests */ = {
			isa = PBXGroup;
			children = (
				8116C3EE2560B4FA003D6706 /* ClockTests.swift */,
				8116C3F02560B4FA003D6706 /* Info.plist */,
			);
			path = ClockTests;
			sourceTree = "<group>";
		};
		8116C3F82560B4FA003D6706 /* ClockUITests */ = {
			isa = PBXGroup;
			children = (
				8116C3F92560B4FA003D6706 /* ClockUITests.swift */,
				8116C3FB2560B4FA003D6706 /* Info.plist */,
			);
			path = ClockUITests;
			sourceTree = "<group>";
		};
		8116C44225623D65003D6706 /* CityTime */ = {
			isa = PBXGroup;
			children = (
				8116C3DB2560B4F9003D6706 /* CityTimeViewController.swift */,
				8116C44625623DF4003D6706 /* CityTimeViewModel.swift */,
				8116C4132560C089003D6706 /* CityTimeTableViewCell.swift */,
			);
			path = CityTime;
			sourceTree = "<group>";
		};
		811778FA256B530A00352CBF /* DataStore */ = {
			isa = PBXGroup;
			children = (
				811778FB256B532000352CBF /* DataStore.swift */,
			);
			path = DataStore;
			sourceTree = "<group>";
		};
		8138FD4425706C4D004F9279 /* WorldClock */ = {
			isa = PBXGroup;
			children = (
				81ED11952570717E0029D024 /* Model */,
				816F017F25662B9300079D6B /* ChooseCity */,
				8116C44225623D65003D6706 /* CityTime */,
			);
			path = WorldClock;
			sourceTree = "<group>";
		};
		816F017F25662B9300079D6B /* ChooseCity */ = {
			isa = PBXGroup;
			children = (
				816F018025662BD600079D6B /* ChooseCityViewController.swift */,
				816F018525662CDB00079D6B /* ChooseCityViewModel.swift */,
				816F018A25662D1100079D6B /* ChooseCityTableViewCell.swift */,
			);
			path = ChooseCity;
			sourceTree = "<group>";
		};
		817FB05A2571AFC7008F12E9 /* Timer */ = {
			isa = PBXGroup;
			children = (
				817FB05B2571AFF3008F12E9 /* TimerViewController.swift */,
				817FB0632571B000008F12E9 /* TimerViewModel.swift */,
				817FB0682571D2A9008F12E9 /* TimerModel.swift */,
			);
			path = Timer;
			sourceTree = "<group>";
		};
		81ED11952570717E0029D024 /* Model */ = {
			isa = PBXGroup;
			children = (
				81ED1190257070A00029D024 /* CityTimeModel.swift */,
			);
			path = Model;
			sourceTree = "<group>";
		};
		9758FD37390E48D67B315C18 /* Frameworks */ = {
			isa = PBXGroup;
			children = (
				E821F4760845600F6C8FD05B /* Pods_Clock.framework */,
			);
			name = Frameworks;
			sourceTree = "<group>";
		};
/* End PBXGroup section */

/* Begin PBXNativeTarget section */
		8116C3D32560B4F9003D6706 /* Clock */ = {
			isa = PBXNativeTarget;
			buildConfigurationList = 8116C3FE2560B4FA003D6706 /* Build configuration list for PBXNativeTarget "Clock" */;
			buildPhases = (
				A629AEE3CD65610F3E8EC4AA /* [CP] Check Pods Manifest.lock */,
				8116C3D02560B4F9003D6706 /* Sources */,
				8116C3D12560B4F9003D6706 /* Frameworks */,
				8116C3D22560B4F9003D6706 /* Resources */,
				2C92D8B1AB267058C7650B2D /* [CP] Embed Pods Frameworks */,
			);
			buildRules = (
			);
			dependencies = (
			);
			name = Clock;
			productName = Clock;
			productReference = 8116C3D42560B4F9003D6706 /* Clock.app */;
			productType = "com.apple.product-type.application";
		};
		8116C3E92560B4FA003D6706 /* ClockTests */ = {
			isa = PBXNativeTarget;
			buildConfigurationList = 8116C4012560B4FA003D6706 /* Build configuration list for PBXNativeTarget "ClockTests" */;
			buildPhases = (
				8116C3E62560B4FA003D6706 /* Sources */,
				8116C3E72560B4FA003D6706 /* Frameworks */,
				8116C3E82560B4FA003D6706 /* Resources */,
			);
			buildRules = (
			);
			dependencies = (
				8116C3EC2560B4FA003D6706 /* PBXTargetDependency */,
			);
			name = ClockTests;
			productName = ClockTests;
			productReference = 8116C3EA2560B4FA003D6706 /* ClockTests.xctest */;
			productType = "com.apple.product-type.bundle.unit-test";
		};
		8116C3F42560B4FA003D6706 /* ClockUITests */ = {
			isa = PBXNativeTarget;
			buildConfigurationList = 8116C4042560B4FA003D6706 /* Build configuration list for PBXNativeTarget "ClockUITests" */;
			buildPhases = (
				8116C3F12560B4FA003D6706 /* Sources */,
				8116C3F22560B4FA003D6706 /* Frameworks */,
				8116C3F32560B4FA003D6706 /* Resources */,
			);
			buildRules = (
			);
			dependencies = (
				8116C3F72560B4FA003D6706 /* PBXTargetDependency */,
			);
			name = ClockUITests;
			productName = ClockUITests;
			productReference = 8116C3F52560B4FA003D6706 /* ClockUITests.xctest */;
			productType = "com.apple.product-type.bundle.ui-testing";
		};
/* End PBXNativeTarget section */

/* Begin PBXProject section */
		8116C3CC2560B4F9003D6706 /* Project object */ = {
			isa = PBXProject;
			attributes = {
				LastSwiftUpdateCheck = 1220;
				LastUpgradeCheck = 1220;
				TargetAttributes = {
					8116C3D32560B4F9003D6706 = {
						CreatedOnToolsVersion = 12.2;
					};
					8116C3E92560B4FA003D6706 = {
						CreatedOnToolsVersion = 12.2;
						TestTargetID = 8116C3D32560B4F9003D6706;
					};
					8116C3F42560B4FA003D6706 = {
						CreatedOnToolsVersion = 12.2;
						TestTargetID = 8116C3D32560B4F9003D6706;
					};
				};
			};
			buildConfigurationList = 8116C3CF2560B4F9003D6706 /* Build configuration list for PBXProject "Clock" */;
			compatibilityVersion = "Xcode 9.3";
			developmentRegion = en;
			hasScannedForEncodings = 0;
			knownRegions = (
				en,
				Base,
			);
			mainGroup = 8116C3CB2560B4F9003D6706;
			productRefGroup = 8116C3D52560B4F9003D6706 /* Products */;
			projectDirPath = "";
			projectRoot = "";
			targets = (
				8116C3D32560B4F9003D6706 /* Clock */,
				8116C3E92560B4FA003D6706 /* ClockTests */,
				8116C3F42560B4FA003D6706 /* ClockUITests */,
			);
		};
/* End PBXProject section */

/* Begin PBXResourcesBuildPhase section */
		8116C3D22560B4F9003D6706 /* Resources */ = {
			isa = PBXResourcesBuildPhase;
			buildActionMask = 2147483647;
			files = (
				8116C3E42560B4FA003D6706 /* LaunchScreen.storyboard in Resources */,
				8116C3E12560B4FA003D6706 /* Assets.xcassets in Resources */,
				8116C3DF2560B4F9003D6706 /* Main.storyboard in Resources */,
			);
			runOnlyForDeploymentPostprocessing = 0;
		};
		8116C3E82560B4FA003D6706 /* Resources */ = {
			isa = PBXResourcesBuildPhase;
			buildActionMask = 2147483647;
			files = (
			);
			runOnlyForDeploymentPostprocessing = 0;
		};
		8116C3F32560B4FA003D6706 /* Resources */ = {
			isa = PBXResourcesBuildPhase;
			buildActionMask = 2147483647;
			files = (
			);
			runOnlyForDeploymentPostprocessing = 0;
		};
/* End PBXResourcesBuildPhase section */

/* Begin PBXShellScriptBuildPhase section */
		2C92D8B1AB267058C7650B2D /* [CP] Embed Pods Frameworks */ = {
			isa = PBXShellScriptBuildPhase;
			buildActionMask = 2147483647;
			files = (
			);
			inputFileListPaths = (
				"${PODS_ROOT}/Target Support Files/Pods-Clock/Pods-Clock-frameworks-${CONFIGURATION}-input-files.xcfilelist",
			);
			name = "[CP] Embed Pods Frameworks";
			outputFileListPaths = (
				"${PODS_ROOT}/Target Support Files/Pods-Clock/Pods-Clock-frameworks-${CONFIGURATION}-output-files.xcfilelist",
			);
			runOnlyForDeploymentPostprocessing = 0;
			shellPath = /bin/sh;
			shellScript = "\"${PODS_ROOT}/Target Support Files/Pods-Clock/Pods-Clock-frameworks.sh\"\n";
			showEnvVarsInLog = 0;
		};
		A629AEE3CD65610F3E8EC4AA /* [CP] Check Pods Manifest.lock */ = {
			isa = PBXShellScriptBuildPhase;
			buildActionMask = 2147483647;
			files = (
			);
			inputFileListPaths = (
			);
			inputPaths = (
				"${PODS_PODFILE_DIR_PATH}/Podfile.lock",
				"${PODS_ROOT}/Manifest.lock",
			);
			name = "[CP] Check Pods Manifest.lock";
			outputFileListPaths = (
			);
			outputPaths = (
				"$(DERIVED_FILE_DIR)/Pods-Clock-checkManifestLockResult.txt",
			);
			runOnlyForDeploymentPostprocessing = 0;
			shellPath = /bin/sh;
			shellScript = "diff \"${PODS_PODFILE_DIR_PATH}/Podfile.lock\" \"${PODS_ROOT}/Manifest.lock\" > /dev/null\nif [ $? != 0 ] ; then\n    # print error to STDERR\n    echo \"error: The sandbox is not in sync with the Podfile.lock. Run 'pod install' or update your CocoaPods installation.\" >&2\n    exit 1\nfi\n# This output is used by Xcode 'outputs' to avoid re-running this script phase.\necho \"SUCCESS\" > \"${SCRIPT_OUTPUT_FILE_0}\"\n";
			showEnvVarsInLog = 0;
		};
/* End PBXShellScriptBuildPhase section */

/* Begin PBXSourcesBuildPhase section */
		8116C3D02560B4F9003D6706 /* Sources */ = {
			isa = PBXSourcesBuildPhase;
			buildActionMask = 2147483647;
			files = (
				816F018125662BD600079D6B /* ChooseCityViewController.swift in Sources */,
				81ED1191257070A00029D024 /* CityTimeModel.swift in Sources */,
				811778FC256B532000352CBF /* DataStore.swift in Sources */,
				8116C3DC2560B4F9003D6706 /* CityTimeViewController.swift in Sources */,
				817FB0642571B000008F12E9 /* TimerViewModel.swift in Sources */,
				8116C4142560C089003D6706 /* CityTimeTableViewCell.swift in Sources */,
				817FB0692571D2A9008F12E9 /* TimerModel.swift in Sources */,
				816F018625662CDB00079D6B /* ChooseCityViewModel.swift in Sources */,
				8116C44725623DF4003D6706 /* CityTimeViewModel.swift in Sources */,
				816F018B25662D1100079D6B /* ChooseCityTableViewCell.swift in Sources */,
				8116C3D82560B4F9003D6706 /* AppDelegate.swift in Sources */,
				817FB05C2571AFF3008F12E9 /* TimerViewController.swift in Sources */,
				8116C3DA2560B4F9003D6706 /* SceneDelegate.swift in Sources */,
			);
			runOnlyForDeploymentPostprocessing = 0;
		};
		8116C3E62560B4FA003D6706 /* Sources */ = {
			isa = PBXSourcesBuildPhase;
			buildActionMask = 2147483647;
			files = (
				8116C3EF2560B4FA003D6706 /* ClockTests.swift in Sources */,
			);
			runOnlyForDeploymentPostprocessing = 0;
		};
		8116C3F12560B4FA003D6706 /* Sources */ = {
			isa = PBXSourcesBuildPhase;
			buildActionMask = 2147483647;
			files = (
				8116C3FA2560B4FA003D6706 /* ClockUITests.swift in Sources */,
			);
			runOnlyForDeploymentPostprocessing = 0;
		};
/* End PBXSourcesBuildPhase section */

/* Begin PBXTargetDependency section */
		8116C3EC2560B4FA003D6706 /* PBXTargetDependency */ = {
			isa = PBXTargetDependency;
			target = 8116C3D32560B4F9003D6706 /* Clock */;
			targetProxy = 8116C3EB2560B4FA003D6706 /* PBXContainerItemProxy */;
		};
		8116C3F72560B4FA003D6706 /* PBXTargetDependency */ = {
			isa = PBXTargetDependency;
			target = 8116C3D32560B4F9003D6706 /* Clock */;
			targetProxy = 8116C3F62560B4FA003D6706 /* PBXContainerItemProxy */;
		};
/* End PBXTargetDependency section */

/* Begin PBXVariantGroup section */
		8116C3DD2560B4F9003D6706 /* Main.storyboard */ = {
			isa = PBXVariantGroup;
			children = (
				8116C3DE2560B4F9003D6706 /* Base */,
			);
			name = Main.storyboard;
			sourceTree = "<group>";
		};
		8116C3E22560B4FA003D6706 /* LaunchScreen.storyboard */ = {
			isa = PBXVariantGroup;
			children = (
				8116C3E32560B4FA003D6706 /* Base */,
			);
			name = LaunchScreen.storyboard;
			sourceTree = "<group>";
		};
/* End PBXVariantGroup section */

/* Begin XCBuildConfiguration section */
		8116C3FC2560B4FA003D6706 /* Debug */ = {
			isa = XCBuildConfiguration;
			buildSettings = {
				ALWAYS_SEARCH_USER_PATHS = NO;
				CLANG_ANALYZER_NONNULL = YES;
				CLANG_ANALYZER_NUMBER_OBJECT_CONVERSION = YES_AGGRESSIVE;
				CLANG_CXX_LANGUAGE_STANDARD = "gnu++14";
				CLANG_CXX_LIBRARY = "libc++";
				CLANG_ENABLE_MODULES = YES;
				CLANG_ENABLE_OBJC_ARC = YES;
				CLANG_ENABLE_OBJC_WEAK = YES;
				CLANG_WARN_BLOCK_CAPTURE_AUTORELEASING = YES;
				CLANG_WARN_BOOL_CONVERSION = YES;
				CLANG_WARN_COMMA = YES;
				CLANG_WARN_CONSTANT_CONVERSION = YES;
				CLANG_WARN_DEPRECATED_OBJC_IMPLEMENTATIONS = YES;
				CLANG_WARN_DIRECT_OBJC_ISA_USAGE = YES_ERROR;
				CLANG_WARN_DOCUMENTATION_COMMENTS = YES;
				CLANG_WARN_EMPTY_BODY = YES;
				CLANG_WARN_ENUM_CONVERSION = YES;
				CLANG_WARN_INFINITE_RECURSION = YES;
				CLANG_WARN_INT_CONVERSION = YES;
				CLANG_WARN_NON_LITERAL_NULL_CONVERSION = YES;
				CLANG_WARN_OBJC_IMPLICIT_RETAIN_SELF = YES;
				CLANG_WARN_OBJC_LITERAL_CONVERSION = YES;
				CLANG_WARN_OBJC_ROOT_CLASS = YES_ERROR;
				CLANG_WARN_QUOTED_INCLUDE_IN_FRAMEWORK_HEADER = YES;
				CLANG_WARN_RANGE_LOOP_ANALYSIS = YES;
				CLANG_WARN_STRICT_PROTOTYPES = YES;
				CLANG_WARN_SUSPICIOUS_MOVE = YES;
				CLANG_WARN_UNGUARDED_AVAILABILITY = YES_AGGRESSIVE;
				CLANG_WARN_UNREACHABLE_CODE = YES;
				CLANG_WARN__DUPLICATE_METHOD_MATCH = YES;
				COPY_PHASE_STRIP = NO;
				DEBUG_INFORMATION_FORMAT = dwarf;
				ENABLE_STRICT_OBJC_MSGSEND = YES;
				ENABLE_TESTABILITY = YES;
				GCC_C_LANGUAGE_STANDARD = gnu11;
				GCC_DYNAMIC_NO_PIC = NO;
				GCC_NO_COMMON_BLOCKS = YES;
				GCC_OPTIMIZATION_LEVEL = 0;
				GCC_PREPROCESSOR_DEFINITIONS = (
					"DEBUG=1",
					"$(inherited)",
				);
				GCC_WARN_64_TO_32_BIT_CONVERSION = YES;
				GCC_WARN_ABOUT_RETURN_TYPE = YES_ERROR;
				GCC_WARN_UNDECLARED_SELECTOR = YES;
				GCC_WARN_UNINITIALIZED_AUTOS = YES_AGGRESSIVE;
				GCC_WARN_UNUSED_FUNCTION = YES;
				GCC_WARN_UNUSED_VARIABLE = YES;
				IPHONEOS_DEPLOYMENT_TARGET = 14.2;
				MTL_ENABLE_DEBUG_INFO = INCLUDE_SOURCE;
				MTL_FAST_MATH = YES;
				ONLY_ACTIVE_ARCH = YES;
				SDKROOT = iphoneos;
				SWIFT_ACTIVE_COMPILATION_CONDITIONS = DEBUG;
				SWIFT_OPTIMIZATION_LEVEL = "-Onone";
				SWIFT_VERSION = "";
			};
			name = Debug;
		};
		8116C3FD2560B4FA003D6706 /* Release */ = {
			isa = XCBuildConfiguration;
			buildSettings = {
				ALWAYS_SEARCH_USER_PATHS = NO;
				CLANG_ANALYZER_NONNULL = YES;
				CLANG_ANALYZER_NUMBER_OBJECT_CONVERSION = YES_AGGRESSIVE;
				CLANG_CXX_LANGUAGE_STANDARD = "gnu++14";
				CLANG_CXX_LIBRARY = "libc++";
				CLANG_ENABLE_MODULES = YES;
				CLANG_ENABLE_OBJC_ARC = YES;
				CLANG_ENABLE_OBJC_WEAK = YES;
				CLANG_WARN_BLOCK_CAPTURE_AUTORELEASING = YES;
				CLANG_WARN_BOOL_CONVERSION = YES;
				CLANG_WARN_COMMA = YES;
				CLANG_WARN_CONSTANT_CONVERSION = YES;
				CLANG_WARN_DEPRECATED_OBJC_IMPLEMENTATIONS = YES;
				CLANG_WARN_DIRECT_OBJC_ISA_USAGE = YES_ERROR;
				CLANG_WARN_DOCUMENTATION_COMMENTS = YES;
				CLANG_WARN_EMPTY_BODY = YES;
				CLANG_WARN_ENUM_CONVERSION = YES;
				CLANG_WARN_INFINITE_RECURSION = YES;
				CLANG_WARN_INT_CONVERSION = YES;
				CLANG_WARN_NON_LITERAL_NULL_CONVERSION = YES;
				CLANG_WARN_OBJC_IMPLICIT_RETAIN_SELF = YES;
				CLANG_WARN_OBJC_LITERAL_CONVERSION = YES;
				CLANG_WARN_OBJC_ROOT_CLASS = YES_ERROR;
				CLANG_WARN_QUOTED_INCLUDE_IN_FRAMEWORK_HEADER = YES;
				CLANG_WARN_RANGE_LOOP_ANALYSIS = YES;
				CLANG_WARN_STRICT_PROTOTYPES = YES;
				CLANG_WARN_SUSPICIOUS_MOVE = YES;
				CLANG_WARN_UNGUARDED_AVAILABILITY = YES_AGGRESSIVE;
				CLANG_WARN_UNREACHABLE_CODE = YES;
				CLANG_WARN__DUPLICATE_METHOD_MATCH = YES;
				COPY_PHASE_STRIP = NO;
				DEBUG_INFORMATION_FORMAT = "dwarf-with-dsym";
				ENABLE_NS_ASSERTIONS = NO;
				ENABLE_STRICT_OBJC_MSGSEND = YES;
				GCC_C_LANGUAGE_STANDARD = gnu11;
				GCC_NO_COMMON_BLOCKS = YES;
				GCC_WARN_64_TO_32_BIT_CONVERSION = YES;
				GCC_WARN_ABOUT_RETURN_TYPE = YES_ERROR;
				GCC_WARN_UNDECLARED_SELECTOR = YES;
				GCC_WARN_UNINITIALIZED_AUTOS = YES_AGGRESSIVE;
				GCC_WARN_UNUSED_FUNCTION = YES;
				GCC_WARN_UNUSED_VARIABLE = YES;
				IPHONEOS_DEPLOYMENT_TARGET = 14.2;
				MTL_ENABLE_DEBUG_INFO = NO;
				MTL_FAST_MATH = YES;
				SDKROOT = iphoneos;
				SWIFT_COMPILATION_MODE = wholemodule;
				SWIFT_OPTIMIZATION_LEVEL = "-O";
				SWIFT_VERSION = "";
				VALIDATE_PRODUCT = YES;
			};
			name = Release;
		};
		8116C3FF2560B4FA003D6706 /* Debug */ = {
			isa = XCBuildConfiguration;
			baseConfigurationReference = FCCBBC7FFD60111C3C265177 /* Pods-Clock.debug.xcconfig */;
			buildSettings = {
				ASSETCATALOG_COMPILER_APPICON_NAME = AppIcon;
				ASSETCATALOG_COMPILER_GLOBAL_ACCENT_COLOR_NAME = AccentColor;
				CODE_SIGN_STYLE = Automatic;
				INFOPLIST_FILE = Clock/Info.plist;
				LD_RUNPATH_SEARCH_PATHS = (
					"$(inherited)",
					"@executable_path/Frameworks",
				);
				PRODUCT_BUNDLE_IDENTIFIER = com.katsumeshi.clock;
				PRODUCT_NAME = "$(TARGET_NAME)";
				SWIFT_VERSION = 5.0;
				TARGETED_DEVICE_FAMILY = 1;
			};
			name = Debug;
		};
		8116C4002560B4FA003D6706 /* Release */ = {
			isa = XCBuildConfiguration;
			baseConfigurationReference = FE63C5C4D12A19A432A4C310 /* Pods-Clock.release.xcconfig */;
			buildSettings = {
				ASSETCATALOG_COMPILER_APPICON_NAME = AppIcon;
				ASSETCATALOG_COMPILER_GLOBAL_ACCENT_COLOR_NAME = AccentColor;
				CODE_SIGN_STYLE = Automatic;
				INFOPLIST_FILE = Clock/Info.plist;
				LD_RUNPATH_SEARCH_PATHS = (
					"$(inherited)",
					"@executable_path/Frameworks",
				);
				PRODUCT_BUNDLE_IDENTIFIER = com.katsumeshi.clock;
				PRODUCT_NAME = "$(TARGET_NAME)";
				SWIFT_VERSION = 5.0;
				TARGETED_DEVICE_FAMILY = 1;
			};
			name = Release;
		};
		8116C4022560B4FA003D6706 /* Debug */ = {
			isa = XCBuildConfiguration;
			buildSettings = {
				ALWAYS_EMBED_SWIFT_STANDARD_LIBRARIES = YES;
				BUNDLE_LOADER = "$(TEST_HOST)";
				CODE_SIGN_STYLE = Automatic;
				INFOPLIST_FILE = ClockTests/Info.plist;
				IPHONEOS_DEPLOYMENT_TARGET = 14.2;
				LD_RUNPATH_SEARCH_PATHS = (
					"$(inherited)",
					"@executable_path/Frameworks",
					"@loader_path/Frameworks",
				);
				PRODUCT_BUNDLE_IDENTIFIER = com.katsumeshi.ClockTests;
				PRODUCT_NAME = "$(TARGET_NAME)";
				SWIFT_VERSION = 5.0;
				TARGETED_DEVICE_FAMILY = "1,2";
				TEST_HOST = "$(BUILT_PRODUCTS_DIR)/Clock.app/Clock";
			};
			name = Debug;
		};
		8116C4032560B4FA003D6706 /* Release */ = {
			isa = XCBuildConfiguration;
			buildSettings = {
				ALWAYS_EMBED_SWIFT_STANDARD_LIBRARIES = YES;
				BUNDLE_LOADER = "$(TEST_HOST)";
				CODE_SIGN_STYLE = Automatic;
				INFOPLIST_FILE = ClockTests/Info.plist;
				IPHONEOS_DEPLOYMENT_TARGET = 14.2;
				LD_RUNPATH_SEARCH_PATHS = (
					"$(inherited)",
					"@executable_path/Frameworks",
					"@loader_path/Frameworks",
				);
				PRODUCT_BUNDLE_IDENTIFIER = com.katsumeshi.ClockTests;
				PRODUCT_NAME = "$(TARGET_NAME)";
				SWIFT_VERSION = 5.0;
				TARGETED_DEVICE_FAMILY = "1,2";
				TEST_HOST = "$(BUILT_PRODUCTS_DIR)/Clock.app/Clock";
			};
			name = Release;
		};
		8116C4052560B4FA003D6706 /* Debug */ = {
			isa = XCBuildConfiguration;
			buildSettings = {
				ALWAYS_EMBED_SWIFT_STANDARD_LIBRARIES = YES;
				CODE_SIGN_STYLE = Automatic;
				INFOPLIST_FILE = ClockUITests/Info.plist;
				LD_RUNPATH_SEARCH_PATHS = (
					"$(inherited)",
					"@executable_path/Frameworks",
					"@loader_path/Frameworks",
				);
				PRODUCT_BUNDLE_IDENTIFIER = com.katsumeshi.ClockUITests;
				PRODUCT_NAME = "$(TARGET_NAME)";
				SWIFT_VERSION = 5.0;
				TARGETED_DEVICE_FAMILY = "1,2";
				TEST_TARGET_NAME = Clock;
			};
			name = Debug;
		};
		8116C4062560B4FA003D6706 /* Release */ = {
			isa = XCBuildConfiguration;
			buildSettings = {
				ALWAYS_EMBED_SWIFT_STANDARD_LIBRARIES = YES;
				CODE_SIGN_STYLE = Automatic;
				INFOPLIST_FILE = ClockUITests/Info.plist;
				LD_RUNPATH_SEARCH_PATHS = (
					"$(inherited)",
					"@executable_path/Frameworks",
					"@loader_path/Frameworks",
				);
				PRODUCT_BUNDLE_IDENTIFIER = com.katsumeshi.ClockUITests;
				PRODUCT_NAME = "$(TARGET_NAME)";
				SWIFT_VERSION = 5.0;
				TARGETED_DEVICE_FAMILY = "1,2";
				TEST_TARGET_NAME = Clock;
			};
			name = Release;
		};
/* End XCBuildConfiguration section */

/* Begin XCConfigurationList section */
		8116C3CF2560B4F9003D6706 /* Build configuration list for PBXProject "Clock" */ = {
			isa = XCConfigurationList;
			buildConfigurations = (
				8116C3FC2560B4FA003D6706 /* Debug */,
				8116C3FD2560B4FA003D6706 /* Release */,
			);
			defaultConfigurationIsVisible = 0;
			defaultConfigurationName = Release;
		};
		8116C3FE2560B4FA003D6706 /* Build configuration list for PBXNativeTarget "Clock" */ = {
			isa = XCConfigurationList;
			buildConfigurations = (
				8116C3FF2560B4FA003D6706 /* Debug */,
				8116C4002560B4FA003D6706 /* Release */,
			);
			defaultConfigurationIsVisible = 0;
			defaultConfigurationName = Release;
		};
		8116C4012560B4FA003D6706 /* Build configuration list for PBXNativeTarget "ClockTests" */ = {
			isa = XCConfigurationList;
			buildConfigurations = (
				8116C4022560B4FA003D6706 /* Debug */,
				8116C4032560B4FA003D6706 /* Release */,
			);
			defaultConfigurationIsVisible = 0;
			defaultConfigurationName = Release;
		};
		8116C4042560B4FA003D6706 /* Build configuration list for PBXNativeTarget "ClockUITests" */ = {
			isa = XCConfigurationList;
			buildConfigurations = (
				8116C4052560B4FA003D6706 /* Debug */,
				8116C4062560B4FA003D6706 /* Release */,
			);
			defaultConfigurationIsVisible = 0;
			defaultConfigurationName = Release;
		};
/* End XCConfigurationList section */
	};
	rootObject = 8116C3CC2560B4F9003D6706 /* Project object */;
}
